
Microsoft Visual Studio Solution File, Format Version 12.00
# Visual Studio Version 17
Project("{8BC9CEB8-8B4A-11D0-8D11-00A0C91BC942}") = "ALL_BUILD", "ALL_BUILD.vcxproj", "{9BACC643-B34B-3CB2-B5C0-0437A6E97DC0}"
	ProjectSection(ProjectDependencies) = postProject
		{EAED130B-0985-3FDE-ABCD-3A8A5587790D} = {EAED130B-0985-3FDE-ABCD-3A8A5587790D}
		{45576460-18CC-32A2-817F-59B4F9F349A3} = {45576460-18CC-32A2-817F-59B4F9F349A3}
	EndProjectSection
EndProject
Project("{8BC9CEB8-8B4A-11D0-8D11-00A0C91BC942}") = "INSTALL", "INSTALL.vcxproj", "{DE942738-7362-3DFE-B0F0-FA8038850600}"
	ProjectSection(ProjectDependencies) = postProject
		{9BACC643-B34B-3CB2-B5C0-0437A6E97DC0} = {9BACC643-B34B-3CB2-B5C0-0437A6E97DC0}
		{EAED130B-0985-3FDE-ABCD-3A8A5587790D} = {EAED130B-0985-3FDE-ABCD-3A8A5587790D}
	EndProjectSection
EndProject
Project("{8BC9CEB8-8B4A-11D0-8D11-00A0C91BC942}") = "ZERO_CHECK", "..\\ZERO_CHECK.vcxproj", "{EAED130B-0985-3FDE-ABCD-3A8A5587790D}"
	ProjectSection(ProjectDependencies) = postProject
	EndProjectSection
EndProject
Project("{8BC9CEB8-8B4A-11D0-8D11-00A0C91BC942}") = "flutter_assemble", "..\flutter\flutter_assemble.vcxproj", "{3523AF6B-C523-30B7-B9BC-FBEEA107ED84}"
	ProjectSection(ProjectDependencies) = postProject
		{EAED130B-0985-3FDE-ABCD-3A8A5587790D} = {EAED130B-0985-3FDE-ABCD-3A8A5587790D}
	EndProjectSection
EndProject
Project("{8BC9CEB8-8B4A-11D0-8D11-00A0C91BC942}") = "flutter_wrapper_app", "..\flutter\flutter_wrapper_app.vcxproj", "{D3AC2C9A-725C-3FFE-A8F3-91ADC13B127B}"
	ProjectSection(ProjectDependencies) = postProject
		{EAED130B-0985-3FDE-ABCD-3A8A5587790D} = {EAED130B-0985-3FDE-ABCD-3A8A5587790D}
		{3523AF6B-C523-30B7-B9BC-FBEEA107ED84} = {3523AF6B-C523-30B7-B9BC-FBEEA107ED84}
	EndProjectSection
EndProject
Project("{8BC9CEB8-8B4A-11D0-8D11-00A0C91BC942}") = "flutter_wrapper_plugin", "..\flutter\flutter_wrapper_plugin.vcxproj", "{F13658BD-60D8-3B07-AFE2-3B8037E4F872}"
	ProjectSection(ProjectDependencies) = postProject
		{EAED130B-0985-3FDE-ABCD-3A8A5587790D} = {EAED130B-0985-3FDE-ABCD-3A8A5587790D}
		{3523AF6B-C523-30B7-B9BC-FBEEA107ED84} = {3523AF6B-C523-30B7-B9BC-FBEEA107ED84}
	EndProjectSection
EndProject
Project("{8BC9CEB8-8B4A-11D0-8D11-00A0C91BC942}") = "project_ui", "project_ui.vcxproj", "{45576460-18CC-32A2-817F-59B4F9F349A3}"
	ProjectSection(ProjectDependencies) = postProject
		{EAED130B-0985-3FDE-ABCD-3A8A5587790D} = {EAED130B-0985-3FDE-ABCD-3A8A5587790D}
		{3523AF6B-C523-30B7-B9BC-FBEEA107ED84} = {3523AF6B-C523-30B7-B9BC-FBEEA107ED84}
		{D3AC2C9A-725C-3FFE-A8F3-91ADC13B127B} = {D3AC2C9A-725C-3FFE-A8F3-91ADC13B127B}
		{D95BFE58-FC98-32DE-BE2B-7F195DB8FEFE} = {D95BFE58-FC98-32DE-BE2B-7F195DB8FEFE}
	EndProjectSection
EndProject
Project("{8BC9CEB8-8B4A-11D0-8D11-00A0C91BC942}") = "url_launcher_windows_plugin", "..\plugins\url_launcher_windows\url_launcher_windows_plugin.vcxproj", "{D95BFE58-FC98-32DE-BE2B-7F195DB8FEFE}"
	ProjectSection(ProjectDependencies) = postProject
		{EAED130B-0985-3FDE-ABCD-3A8A5587790D} = {EAED130B-0985-3FDE-ABCD-3A8A5587790D}
		{3523AF6B-C523-30B7-B9BC-FBEEA107ED84} = {3523AF6B-C523-30B7-B9BC-FBEEA107ED84}
		{F13658BD-60D8-3B07-AFE2-3B8037E4F872} = {F13658BD-60D8-3B07-AFE2-3B8037E4F872}
	EndProjectSection
EndProject
Global
	GlobalSection(SolutionConfigurationPlatforms) = preSolution
		Debug|x64 = Debug|x64
		Profile|x64 = Profile|x64
		Release|x64 = Release|x64
	EndGlobalSection
	GlobalSection(ProjectConfigurationPlatforms) = postSolution
		{9BACC643-B34B-3CB2-B5C0-0437A6E97DC0}.Debug|x64.ActiveCfg = Debug|x64
		{9BACC643-B34B-3CB2-B5C0-0437A6E97DC0}.Debug|x64.Build.0 = Debug|x64
		{9BACC643-B34B-3CB2-B5C0-0437A6E97DC0}.Profile|x64.ActiveCfg = Profile|x64
		{9BACC643-B34B-3CB2-B5C0-0437A6E97DC0}.Profile|x64.Build.0 = Profile|x64
		{9BACC643-B34B-3CB2-B5C0-0437A6E97DC0}.Release|x64.ActiveCfg = Release|x64
		{9BACC643-B34B-3CB2-B5C0-0437A6E97DC0}.Release|x64.Build.0 = Release|x64
		{DE942738-7362-3DFE-B0F0-FA8038850600}.Debug|x64.ActiveCfg = Debug|x64
		{DE942738-7362-3DFE-B0F0-FA8038850600}.Profile|x64.ActiveCfg = Profile|x64
		{DE942738-7362-3DFE-B0F0-FA8038850600}.Release|x64.ActiveCfg = Release|x64
		{EAED130B-0985-3FDE-ABCD-3A8A5587790D}.Debug|x64.ActiveCfg = Debug|x64
		{EAED130B-0985-3FDE-ABCD-3A8A5587790D}.Debug|x64.Build.0 = Debug|x64
		{EAED130B-0985-3FDE-ABCD-3A8A5587790D}.Profile|x64.ActiveCfg = Profile|x64
		{EAED130B-0985-3FDE-ABCD-3A8A5587790D}.Profile|x64.Build.0 = Profile|x64
		{EAED130B-0985-3FDE-ABCD-3A8A5587790D}.Release|x64.ActiveCfg = Release|x64
		{EAED130B-0985-3FDE-ABCD-3A8A5587790D}.Release|x64.Build.0 = Release|x64
		{3523AF6B-C523-30B7-B9BC-FBEEA107ED84}.Debug|x64.ActiveCfg = Debug|x64
		{3523AF6B-C523-30B7-B9BC-FBEEA107ED84}.Debug|x64.Build.0 = Debug|x64
		{3523AF6B-C523-30B7-B9BC-FBEEA107ED84}.Profile|x64.ActiveCfg = Profile|x64
		{3523AF6B-C523-30B7-B9BC-FBEEA107ED84}.Profile|x64.Build.0 = Profile|x64
		{3523AF6B-C523-30B7-B9BC-FBEEA107ED84}.Release|x64.ActiveCfg = Release|x64
		{3523AF6B-C523-30B7-B9BC-FBEEA107ED84}.Release|x64.Build.0 = Release|x64
		{D3AC2C9A-725C-3FFE-A8F3-91ADC13B127B}.Debug|x64.ActiveCfg = Debug|x64
		{D3AC2C9A-725C-3FFE-A8F3-91ADC13B127B}.Debug|x64.Build.0 = Debug|x64
		{D3AC2C9A-725C-3FFE-A8F3-91ADC13B127B}.Profile|x64.ActiveCfg = Profile|x64
		{D3AC2C9A-725C-3FFE-A8F3-91ADC13B127B}.Profile|x64.Build.0 = Profile|x64
		{D3AC2C9A-725C-3FFE-A8F3-91ADC13B127B}.Release|x64.ActiveCfg = Release|x64
		{D3AC2C9A-725C-3FFE-A8F3-91ADC13B127B}.Release|x64.Build.0 = Release|x64
		{F13658BD-60D8-3B07-AFE2-3B8037E4F872}.Debug|x64.ActiveCfg = Debug|x64
		{F13658BD-60D8-3B07-AFE2-3B8037E4F872}.Debug|x64.Build.0 = Debug|x64
		{F13658BD-60D8-3B07-AFE2-3B8037E4F872}.Profile|x64.ActiveCfg = Profile|x64
		{F13658BD-60D8-3B07-AFE2-3B8037E4F872}.Profile|x64.Build.0 = Profile|x64
		{F13658BD-60D8-3B07-AFE2-3B8037E4F872}.Release|x64.ActiveCfg = Release|x64
		{F13658BD-60D8-3B07-AFE2-3B8037E4F872}.Release|x64.Build.0 = Release|x64
		{45576460-18CC-32A2-817F-59B4F9F349A3}.Debug|x64.ActiveCfg = Debug|x64
		{45576460-18CC-32A2-817F-59B4F9F349A3}.Debug|x64.Build.0 = Debug|x64
		{45576460-18CC-32A2-817F-59B4F9F349A3}.Profile|x64.ActiveCfg = Profile|x64
		{45576460-18CC-32A2-817F-59B4F9F349A3}.Profile|x64.Build.0 = Profile|x64
		{45576460-18CC-32A2-817F-59B4F9F349A3}.Release|x64.ActiveCfg = Release|x64
		{45576460-18CC-32A2-817F-59B4F9F349A3}.Release|x64.Build.0 = Release|x64
		{D95BFE58-FC98-32DE-BE2B-7F195DB8FEFE}.Debug|x64.ActiveCfg = Debug|x64
		{D95BFE58-FC98-32DE-BE2B-7F195DB8FEFE}.Debug|x64.Build.0 = Debug|x64
		{D95BFE58-FC98-32DE-BE2B-7F195DB8FEFE}.Profile|x64.ActiveCfg = Profile|x64
		{D95BFE58-FC98-32DE-BE2B-7F195DB8FEFE}.Profile|x64.Build.0 = Profile|x64
		{D95BFE58-FC98-32DE-BE2B-7F195DB8FEFE}.Release|x64.ActiveCfg = Release|x64
		{D95BFE58-FC98-32DE-BE2B-7F195DB8FEFE}.Release|x64.Build.0 = Release|x64
	EndGlobalSection
	GlobalSection(ExtensibilityGlobals) = postSolution
		SolutionGuid = {416E38CD-74A2-3E98-B6E1-24563995955A}
	EndGlobalSection
	GlobalSection(ExtensibilityAddIns) = postSolution
	EndGlobalSection
EndGlobal
