<?xml version="1.0" encoding="utf-8"?>
<Project ToolsVersion="17.0" xmlns="http://schemas.microsoft.com/developer/msbuild/2003">
  <ItemGroup>
    <CustomBuild Include="C:\dev\Polito\project\project_ui\build\windows\x64\CMakeFiles\4d22b03415240a3aebfe1613ebae97b6\flutter_windows.dll.rule">
      <Filter>CMake Rules</Filter>
    </CustomBuild>
    <CustomBuild Include="C:\dev\Polito\project\project_ui\build\windows\x64\CMakeFiles\91bcd898ea39e4b0c4dfdb5535f15427\flutter_assemble.rule">
      <Filter>CMake Rules</Filter>
    </CustomBuild>
    <CustomBuild Include="C:\dev\Polito\project\project_ui\windows\flutter\CMakeLists.txt" />
  </ItemGroup>
  <ItemGroup>
    <None Include="C:\dev\Polito\project\project_ui\build\windows\x64\flutter\CMakeFiles\flutter_assemble" />
  </ItemGroup>
  <ItemGroup>
    <Filter Include="CMake Rules">
      <UniqueIdentifier>{22B3BFE0-2CE3-3476-99A9-3B434DC10096}</UniqueIdentifier>
    </Filter>
  </ItemGroup>
</Project>
